
Microsoft Visual Studio Solution File, Format Version 12.00
Project("{FAE04EC0-301F-11D3-BF4B-00C04F79EFBC}") = "Demizon.Mvc", "Demizon.Mvc\Demizon.Mvc.csproj", "{83F55899-3FE5-477F-B2A4-F58DA9EF2828}"
EndProject
Project("{FAE04EC0-301F-11D3-BF4B-00C04F79EFBC}") = "Demizon.Dal", "Demizon.Dal\Demizon.Dal.csproj", "{E8C24901-F6CB-4651-B0D3-6B435AE97CB3}"
EndProject
Project("{FAE04EC0-301F-11D3-BF4B-00C04F79EFBC}") = "Demizon.Common", "Demizon.Common\Demizon.Common.csproj", "{5E036541-5173-4CDF-A007-C00769FDA470}"
EndProject
Project("{FAE04EC0-301F-11D3-BF4B-00C04F79EFBC}") = "Demizon.Core", "Demizon.Core\Demizon.Core.csproj", "{18BCA53B-9E99-4A0C-8666-3D656F63D7F8}"
EndProject
Project("{FAE04EC0-301F-11D3-BF4B-00C04F79EFBC}") = "Demizon.Contracts", "Demizon.Contracts\Demizon.Contracts.csproj", "{26AAB5C0-6393-4CE9-82D0-A94BC5CA9B5E}"
EndProject
Project("{FAE04EC0-301F-11D3-BF4B-00C04F79EFBC}") = "Demizon.Api", "Demizon.Api\Demizon.Api.csproj", "{F8A97B3B-AB44-4606-BCCA-AE3323FCE86C}"
EndProject
Project("{FAE04EC0-301F-11D3-BF4B-00C04F79EFBC}") = "Demizon.Maui", "Demizon.Maui\Demizon.Maui.csproj", "{9BB5A53A-B24F-49E8-9F92-4CE200D2444C}"
EndProject
Global
	GlobalSection(SolutionConfigurationPlatforms) = preSolution
		Debug|Any CPU = Debug|Any CPU
		Debug|x64 = Debug|x64
		Debug|x86 = Debug|x86
		Release|Any CPU = Release|Any CPU
		Release|x64 = Release|x64
		Release|x86 = Release|x86
	EndGlobalSection
	GlobalSection(ProjectConfigurationPlatforms) = postSolution
		{83F55899-3FE5-477F-B2A4-F58DA9EF2828}.Debug|Any CPU.ActiveCfg = Debug|Any CPU
		{83F55899-3FE5-477F-B2A4-F58DA9EF2828}.Debug|Any CPU.Build.0 = Debug|Any CPU
		{83F55899-3FE5-477F-B2A4-F58DA9EF2828}.Debug|x64.ActiveCfg = Debug|Any CPU
		{83F55899-3FE5-477F-B2A4-F58DA9EF2828}.Debug|x64.Build.0 = Debug|Any CPU
		{83F55899-3FE5-477F-B2A4-F58DA9EF2828}.Debug|x86.ActiveCfg = Debug|Any CPU
		{83F55899-3FE5-477F-B2A4-F58DA9EF2828}.Debug|x86.Build.0 = Debug|Any CPU
		{83F55899-3FE5-477F-B2A4-F58DA9EF2828}.Release|Any CPU.ActiveCfg = Release|Any CPU
		{83F55899-3FE5-477F-B2A4-F58DA9EF2828}.Release|Any CPU.Build.0 = Release|Any CPU
		{83F55899-3FE5-477F-B2A4-F58DA9EF2828}.Release|x64.ActiveCfg = Release|Any CPU
		{83F55899-3FE5-477F-B2A4-F58DA9EF2828}.Release|x64.Build.0 = Release|Any CPU
		{83F55899-3FE5-477F-B2A4-F58DA9EF2828}.Release|x86.ActiveCfg = Release|Any CPU
		{83F55899-3FE5-477F-B2A4-F58DA9EF2828}.Release|x86.Build.0 = Release|Any CPU
		{E8C24901-F6CB-4651-B0D3-6B435AE97CB3}.Debug|Any CPU.ActiveCfg = Debug|Any CPU
		{E8C24901-F6CB-4651-B0D3-6B435AE97CB3}.Debug|Any CPU.Build.0 = Debug|Any CPU
		{E8C24901-F6CB-4651-B0D3-6B435AE97CB3}.Debug|x64.ActiveCfg = Debug|Any CPU
		{E8C24901-F6CB-4651-B0D3-6B435AE97CB3}.Debug|x64.Build.0 = Debug|Any CPU
		{E8C24901-F6CB-4651-B0D3-6B435AE97CB3}.Debug|x86.ActiveCfg = Debug|Any CPU
		{E8C24901-F6CB-4651-B0D3-6B435AE97CB3}.Debug|x86.Build.0 = Debug|Any CPU
		{E8C24901-F6CB-4651-B0D3-6B435AE97CB3}.Release|Any CPU.ActiveCfg = Release|Any CPU
		{E8C24901-F6CB-4651-B0D3-6B435AE97CB3}.Release|Any CPU.Build.0 = Release|Any CPU
		{E8C24901-F6CB-4651-B0D3-6B435AE97CB3}.Release|x64.ActiveCfg = Release|Any CPU
		{E8C24901-F6CB-4651-B0D3-6B435AE97CB3}.Release|x64.Build.0 = Release|Any CPU
		{E8C24901-F6CB-4651-B0D3-6B435AE97CB3}.Release|x86.ActiveCfg = Release|Any CPU
		{E8C24901-F6CB-4651-B0D3-6B435AE97CB3}.Release|x86.Build.0 = Release|Any CPU
		{5E036541-5173-4CDF-A007-C00769FDA470}.Debug|Any CPU.ActiveCfg = Debug|Any CPU
		{5E036541-5173-4CDF-A007-C00769FDA470}.Debug|Any CPU.Build.0 = Debug|Any CPU
		{5E036541-5173-4CDF-A007-C00769FDA470}.Debug|x64.ActiveCfg = Debug|Any CPU
		{5E036541-5173-4CDF-A007-C00769FDA470}.Debug|x64.Build.0 = Debug|Any CPU
		{5E036541-5173-4CDF-A007-C00769FDA470}.Debug|x86.ActiveCfg = Debug|Any CPU
		{5E036541-5173-4CDF-A007-C00769FDA470}.Debug|x86.Build.0 = Debug|Any CPU
		{5E036541-5173-4CDF-A007-C00769FDA470}.Release|Any CPU.ActiveCfg = Release|Any CPU
		{5E036541-5173-4CDF-A007-C00769FDA470}.Release|Any CPU.Build.0 = Release|Any CPU
		{5E036541-5173-4CDF-A007-C00769FDA470}.Release|x64.ActiveCfg = Release|Any CPU
		{5E036541-5173-4CDF-A007-C00769FDA470}.Release|x64.Build.0 = Release|Any CPU
		{5E036541-5173-4CDF-A007-C00769FDA470}.Release|x86.ActiveCfg = Release|Any CPU
		{5E036541-5173-4CDF-A007-C00769FDA470}.Release|x86.Build.0 = Release|Any CPU
		{18BCA53B-9E99-4A0C-8666-3D656F63D7F8}.Debug|Any CPU.ActiveCfg = Debug|Any CPU
		{18BCA53B-9E99-4A0C-8666-3D656F63D7F8}.Debug|Any CPU.Build.0 = Debug|Any CPU
		{18BCA53B-9E99-4A0C-8666-3D656F63D7F8}.Debug|x64.ActiveCfg = Debug|Any CPU
		{18BCA53B-9E99-4A0C-8666-3D656F63D7F8}.Debug|x64.Build.0 = Debug|Any CPU
		{18BCA53B-9E99-4A0C-8666-3D656F63D7F8}.Debug|x86.ActiveCfg = Debug|Any CPU
		{18BCA53B-9E99-4A0C-8666-3D656F63D7F8}.Debug|x86.Build.0 = Debug|Any CPU
		{18BCA53B-9E99-4A0C-8666-3D656F63D7F8}.Release|Any CPU.ActiveCfg = Release|Any CPU
		{18BCA53B-9E99-4A0C-8666-3D656F63D7F8}.Release|Any CPU.Build.0 = Release|Any CPU
		{18BCA53B-9E99-4A0C-8666-3D656F63D7F8}.Release|x64.ActiveCfg = Release|Any CPU
		{18BCA53B-9E99-4A0C-8666-3D656F63D7F8}.Release|x64.Build.0 = Release|Any CPU
		{18BCA53B-9E99-4A0C-8666-3D656F63D7F8}.Release|x86.ActiveCfg = Release|Any CPU
		{18BCA53B-9E99-4A0C-8666-3D656F63D7F8}.Release|x86.Build.0 = Release|Any CPU
		{26AAB5C0-6393-4CE9-82D0-A94BC5CA9B5E}.Debug|Any CPU.ActiveCfg = Debug|Any CPU
		{26AAB5C0-6393-4CE9-82D0-A94BC5CA9B5E}.Debug|Any CPU.Build.0 = Debug|Any CPU
		{26AAB5C0-6393-4CE9-82D0-A94BC5CA9B5E}.Debug|x64.ActiveCfg = Debug|Any CPU
		{26AAB5C0-6393-4CE9-82D0-A94BC5CA9B5E}.Debug|x64.Build.0 = Debug|Any CPU
		{26AAB5C0-6393-4CE9-82D0-A94BC5CA9B5E}.Debug|x86.ActiveCfg = Debug|Any CPU
		{26AAB5C0-6393-4CE9-82D0-A94BC5CA9B5E}.Debug|x86.Build.0 = Debug|Any CPU
		{26AAB5C0-6393-4CE9-82D0-A94BC5CA9B5E}.Release|Any CPU.ActiveCfg = Release|Any CPU
		{26AAB5C0-6393-4CE9-82D0-A94BC5CA9B5E}.Release|Any CPU.Build.0 = Release|Any CPU
		{26AAB5C0-6393-4CE9-82D0-A94BC5CA9B5E}.Release|x64.ActiveCfg = Release|Any CPU
		{26AAB5C0-6393-4CE9-82D0-A94BC5CA9B5E}.Release|x64.Build.0 = Release|Any CPU
		{26AAB5C0-6393-4CE9-82D0-A94BC5CA9B5E}.Release|x86.ActiveCfg = Release|Any CPU
		{26AAB5C0-6393-4CE9-82D0-A94BC5CA9B5E}.Release|x86.Build.0 = Release|Any CPU
		{F8A97B3B-AB44-4606-BCCA-AE3323FCE86C}.Debug|Any CPU.ActiveCfg = Debug|Any CPU
		{F8A97B3B-AB44-4606-BCCA-AE3323FCE86C}.Debug|Any CPU.Build.0 = Debug|Any CPU
		{F8A97B3B-AB44-4606-BCCA-AE3323FCE86C}.Debug|x64.ActiveCfg = Debug|Any CPU
		{F8A97B3B-AB44-4606-BCCA-AE3323FCE86C}.Debug|x64.Build.0 = Debug|Any CPU
		{F8A97B3B-AB44-4606-BCCA-AE3323FCE86C}.Debug|x86.ActiveCfg = Debug|Any CPU
		{F8A97B3B-AB44-4606-BCCA-AE3323FCE86C}.Debug|x86.Build.0 = Debug|Any CPU
		{F8A97B3B-AB44-4606-BCCA-AE3323FCE86C}.Release|Any CPU.ActiveCfg = Release|Any CPU
		{F8A97B3B-AB44-4606-BCCA-AE3323FCE86C}.Release|Any CPU.Build.0 = Release|Any CPU
		{F8A97B3B-AB44-4606-BCCA-AE3323FCE86C}.Release|x64.ActiveCfg = Release|Any CPU
		{F8A97B3B-AB44-4606-BCCA-AE3323FCE86C}.Release|x64.Build.0 = Release|Any CPU
		{F8A97B3B-AB44-4606-BCCA-AE3323FCE86C}.Release|x86.ActiveCfg = Release|Any CPU
		{F8A97B3B-AB44-4606-BCCA-AE3323FCE86C}.Release|x86.Build.0 = Release|Any CPU
		{9BB5A53A-B24F-49E8-9F92-4CE200D2444C}.Debug|Any CPU.ActiveCfg = Debug|Any CPU
		{9BB5A53A-B24F-49E8-9F92-4CE200D2444C}.Debug|Any CPU.Build.0 = Debug|Any CPU
		{9BB5A53A-B24F-49E8-9F92-4CE200D2444C}.Debug|x64.ActiveCfg = Debug|Any CPU
		{9BB5A53A-B24F-49E8-9F92-4CE200D2444C}.Debug|x64.Build.0 = Debug|Any CPU
		{9BB5A53A-B24F-49E8-9F92-4CE200D2444C}.Debug|x86.ActiveCfg = Debug|Any CPU
		{9BB5A53A-B24F-49E8-9F92-4CE200D2444C}.Debug|x86.Build.0 = Debug|Any CPU
		{9BB5A53A-B24F-49E8-9F92-4CE200D2444C}.Release|Any CPU.ActiveCfg = Release|Any CPU
		{9BB5A53A-B24F-49E8-9F92-4CE200D2444C}.Release|Any CPU.Build.0 = Release|Any CPU
		{9BB5A53A-B24F-49E8-9F92-4CE200D2444C}.Release|x64.ActiveCfg = Release|Any CPU
		{9BB5A53A-B24F-49E8-9F92-4CE200D2444C}.Release|x64.Build.0 = Release|Any CPU
		{9BB5A53A-B24F-49E8-9F92-4CE200D2444C}.Release|x86.ActiveCfg = Release|Any CPU
		{9BB5A53A-B24F-49E8-9F92-4CE200D2444C}.Release|x86.Build.0 = Release|Any CPU
	EndGlobalSection
	GlobalSection(SolutionProperties) = preSolution
		HideSolutionNode = FALSE
	EndGlobalSection
EndGlobal
